
Microsoft Visual Studio Solution File, Format Version 12.00
# Visual Studio 15
VisualStudioVersion = 15.0.28307.1022
MinimumVisualStudioVersion = 10.0.40219.1
Project("{9A19103F-16F7-4668-BE54-9A1E7A4F7556}") = "LoongEgg.MvvmCore", "LoongEgg.MvvmCore\LoongEgg.MvvmCore.csproj", "{89216345-AECA-4200-A182-810297989D2E}"
EndProject
Project("{FAE04EC0-301F-11D3-BF4B-00C04F79EFBC}") = "Demo.NetCore", "Demo.NetCore\Demo.NetCore.csproj", "{DDF9476B-D74C-444E-B316-9539EEB6852B}"
EndProject
Project("{FAE04EC0-301F-11D3-BF4B-00C04F79EFBC}") = "Demo.Wpf", "Demo.Wpf\Demo.Wpf.csproj", "{37FE34A1-C441-403B-8A75-D96C091D80DA}"
EndProject
Global
	GlobalSection(SolutionConfigurationPlatforms) = preSolution
		Debug|Any CPU = Debug|Any CPU
		Release|Any CPU = Release|Any CPU
	EndGlobalSection
	GlobalSection(ProjectConfigurationPlatforms) = postSolution
		{89216345-AECA-4200-A182-810297989D2E}.Debug|Any CPU.ActiveCfg = Debug|Any CPU
		{89216345-AECA-4200-A182-810297989D2E}.Debug|Any CPU.Build.0 = Debug|Any CPU
		{89216345-AECA-4200-A182-810297989D2E}.Release|Any CPU.ActiveCfg = Release|Any CPU
		{89216345-AECA-4200-A182-810297989D2E}.Release|Any CPU.Build.0 = Release|Any CPU
		{DDF9476B-D74C-444E-B316-9539EEB6852B}.Debug|Any CPU.ActiveCfg = Debug|Any CPU
		{DDF9476B-D74C-444E-B316-9539EEB6852B}.Debug|Any CPU.Build.0 = Debug|Any CPU
		{DDF9476B-D74C-444E-B316-9539EEB6852B}.Release|Any CPU.ActiveCfg = Release|Any CPU
		{DDF9476B-D74C-444E-B316-9539EEB6852B}.Release|Any CPU.Build.0 = Release|Any CPU
		{37FE34A1-C441-403B-8A75-D96C091D80DA}.Debug|Any CPU.ActiveCfg = Debug|Any CPU
		{37FE34A1-C441-403B-8A75-D96C091D80DA}.Debug|Any CPU.Build.0 = Debug|Any CPU
		{37FE34A1-C441-403B-8A75-D96C091D80DA}.Release|Any CPU.ActiveCfg = Release|Any CPU
		{37FE34A1-C441-403B-8A75-D96C091D80DA}.Release|Any CPU.Build.0 = Release|Any CPU
	EndGlobalSection
	GlobalSection(SolutionProperties) = preSolution
		HideSolutionNode = FALSE
	EndGlobalSection
	GlobalSection(ExtensibilityGlobals) = postSolution
		SolutionGuid = {2FC2B78D-C6E9-4E4B-A2EB-98012E1B7012}
	EndGlobalSection
EndGlobal
